
Microsoft Visual Studio Solution File, Format Version 12.00
# Visual Studio Version 16
VisualStudioVersion = 16.0.29519.87
MinimumVisualStudioVersion = 10.0.40219.1
Project("{FAE04EC0-301F-11D3-BF4B-00C04F79EFBC}") = "ContUniversity", "ContUniversity.csproj", "{02887EF6-796C-421B-8486-D6EF8BE0BFFA}"
EndProject
Global
	GlobalSection(SolutionConfigurationPlatforms) = preSolution
		Debug|Any CPU = Debug|Any CPU
		Release|Any CPU = Release|Any CPU
	EndGlobalSection
	GlobalSection(ProjectConfigurationPlatforms) = postSolution
		{02887EF6-796C-421B-8486-D6EF8BE0BFFA}.Debug|Any CPU.ActiveCfg = Debug|Any CPU
		{02887EF6-796C-421B-8486-D6EF8BE0BFFA}.Debug|Any CPU.Build.0 = Debug|Any CPU
		{02887EF6-796C-421B-8486-D6EF8BE0BFFA}.Release|Any CPU.ActiveCfg = Release|Any CPU
		{02887EF6-796C-421B-8486-D6EF8BE0BFFA}.Release|Any CPU.Build.0 = Release|Any CPU
	EndGlobalSection
	GlobalSection(SolutionProperties) = preSolution
		HideSolutionNode = FALSE
	EndGlobalSection
	GlobalSection(ExtensibilityGlobals) = postSolution
		SolutionGuid = {8FC77C64-C844-41D2-9CE9-0DA9356D29E2}
	EndGlobalSection
EndGlobal
